
Microsoft Visual Studio Solution File, Format Version 12.00
# Visual Studio Version 17
VisualStudioVersion = 17.9.34728.123
MinimumVisualStudioVersion = 10.0.40219.1
Project("{FAE04EC0-301F-11D3-BF4B-00C04F79EFBC}") = "MyBank", "MyBank\MyBank.csproj", "{C5094176-6952-4EF8-BC06-EDC653D21A0F}"
EndProject
Project("{FAE04EC0-301F-11D3-BF4B-00C04F79EFBC}") = "InterfaceAdapters", "InterfaceAdapters\InterfaceAdapters.csproj", "{6A4433E0-F4CE-4DD1-9010-F6CA67846396}"
EndProject
Project("{FAE04EC0-301F-11D3-BF4B-00C04F79EFBC}") = "ApplicationBusinessRules", "ApplicationBusinessRules\ApplicationBusinessRules.csproj", "{24D9484F-FAAD-4E0E-B2DD-DF4D3020B55B}"
EndProject
Project("{FAE04EC0-301F-11D3-BF4B-00C04F79EFBC}") = "EnterpriseBusinessRules", "EnterpriseBusinessRules\EnterpriseBusinessRules.csproj", "{81DCC26F-C0FE-4FC6-9F7A-536C212EACCD}"
EndProject
Global
	GlobalSection(SolutionConfigurationPlatforms) = preSolution
		Debug|Any CPU = Debug|Any CPU
		Release|Any CPU = Release|Any CPU
	EndGlobalSection
	GlobalSection(ProjectConfigurationPlatforms) = postSolution
		{C5094176-6952-4EF8-BC06-EDC653D21A0F}.Debug|Any CPU.ActiveCfg = Debug|Any CPU
		{C5094176-6952-4EF8-BC06-EDC653D21A0F}.Debug|Any CPU.Build.0 = Debug|Any CPU
		{C5094176-6952-4EF8-BC06-EDC653D21A0F}.Release|Any CPU.ActiveCfg = Release|Any CPU
		{C5094176-6952-4EF8-BC06-EDC653D21A0F}.Release|Any CPU.Build.0 = Release|Any CPU
		{6A4433E0-F4CE-4DD1-9010-F6CA67846396}.Debug|Any CPU.ActiveCfg = Debug|Any CPU
		{6A4433E0-F4CE-4DD1-9010-F6CA67846396}.Debug|Any CPU.Build.0 = Debug|Any CPU
		{6A4433E0-F4CE-4DD1-9010-F6CA67846396}.Release|Any CPU.ActiveCfg = Release|Any CPU
		{6A4433E0-F4CE-4DD1-9010-F6CA67846396}.Release|Any CPU.Build.0 = Release|Any CPU
		{24D9484F-FAAD-4E0E-B2DD-DF4D3020B55B}.Debug|Any CPU.ActiveCfg = Debug|Any CPU
		{24D9484F-FAAD-4E0E-B2DD-DF4D3020B55B}.Debug|Any CPU.Build.0 = Debug|Any CPU
		{24D9484F-FAAD-4E0E-B2DD-DF4D3020B55B}.Release|Any CPU.ActiveCfg = Release|Any CPU
		{24D9484F-FAAD-4E0E-B2DD-DF4D3020B55B}.Release|Any CPU.Build.0 = Release|Any CPU
		{81DCC26F-C0FE-4FC6-9F7A-536C212EACCD}.Debug|Any CPU.ActiveCfg = Debug|Any CPU
		{81DCC26F-C0FE-4FC6-9F7A-536C212EACCD}.Debug|Any CPU.Build.0 = Debug|Any CPU
		{81DCC26F-C0FE-4FC6-9F7A-536C212EACCD}.Release|Any CPU.ActiveCfg = Release|Any CPU
		{81DCC26F-C0FE-4FC6-9F7A-536C212EACCD}.Release|Any CPU.Build.0 = Release|Any CPU
	EndGlobalSection
	GlobalSection(SolutionProperties) = preSolution
		HideSolutionNode = FALSE
	EndGlobalSection
	GlobalSection(ExtensibilityGlobals) = postSolution
		SolutionGuid = {B38436CF-8F20-4FBD-89D3-3D40E8B7CE14}
	EndGlobalSection
EndGlobal
